
Microsoft Visual Studio Solution File, Format Version 12.00
Project("{FAE04EC0-301F-11D3-BF4B-00C04F79EFBC}") = "SS23-SWEN2-TourPlanner", "SS23-SWEN2-TourPlanner\SS23-SWEN2-TourPlanner.csproj", "{D574611B-0865-45D2-AB1B-1B0B300654DC}"
EndProject
Global
	GlobalSection(SolutionConfigurationPlatforms) = preSolution
		Debug|Any CPU = Debug|Any CPU
		Release|Any CPU = Release|Any CPU
	EndGlobalSection
	GlobalSection(ProjectConfigurationPlatforms) = postSolution
		{D574611B-0865-45D2-AB1B-1B0B300654DC}.Debug|Any CPU.ActiveCfg = Debug|Any CPU
		{D574611B-0865-45D2-AB1B-1B0B300654DC}.Debug|Any CPU.Build.0 = Debug|Any CPU
		{D574611B-0865-45D2-AB1B-1B0B300654DC}.Release|Any CPU.ActiveCfg = Release|Any CPU
		{D574611B-0865-45D2-AB1B-1B0B300654DC}.Release|Any CPU.Build.0 = Release|Any CPU
	EndGlobalSection
EndGlobal
